
Microsoft Visual Studio Solution File, Format Version 12.00
# Visual Studio Version 17
VisualStudioVersion = 17.4.33122.133
MinimumVisualStudioVersion = 10.0.40219.1
Project("{FAE04EC0-301F-11D3-BF4B-00C04F79EFBC}") = "buyo2", "buyo2\buyo2.csproj", "{C06E0026-E541-41C9-9E74-5758092E6BCC}"
EndProject
Global
	GlobalSection(SolutionConfigurationPlatforms) = preSolution
		Debug|Any CPU = Debug|Any CPU
		Release|Any CPU = Release|Any CPU
	EndGlobalSection
	GlobalSection(ProjectConfigurationPlatforms) = postSolution
		{C06E0026-E541-41C9-9E74-5758092E6BCC}.Debug|Any CPU.ActiveCfg = Debug|Any CPU
		{C06E0026-E541-41C9-9E74-5758092E6BCC}.Debug|Any CPU.Build.0 = Debug|Any CPU
		{C06E0026-E541-41C9-9E74-5758092E6BCC}.Release|Any CPU.ActiveCfg = Release|Any CPU
		{C06E0026-E541-41C9-9E74-5758092E6BCC}.Release|Any CPU.Build.0 = Release|Any CPU
	EndGlobalSection
	GlobalSection(SolutionProperties) = preSolution
		HideSolutionNode = FALSE
	EndGlobalSection
	GlobalSection(ExtensibilityGlobals) = postSolution
		SolutionGuid = {0F4953C9-2EDD-456E-BED7-7D1E453CEFD1}
	EndGlobalSection
EndGlobal
